// !$*UTF8*$!
{
	archiveVersion = 1;
	classes = {
	};
	objectVersion = 56;
	objects = {

/* Begin PBXBuildFile section */
		9AC2B88129928FF400173596 /* AppDelegate.swift in Sources */ = {isa = PBXBuildFile; fileRef = 9AC2B88029928FF400173596 /* AppDelegate.swift */; };
		9AC2B88329928FF400173596 /* SceneDelegate.swift in Sources */ = {isa = PBXBuildFile; fileRef = 9AC2B88229928FF400173596 /* SceneDelegate.swift */; };
		9AC2B88529928FF400173596 /* ViewController.swift in Sources */ = {isa = PBXBuildFile; fileRef = 9AC2B88429928FF400173596 /* ViewController.swift */; };
		9AC2B88829928FF400173596 /* Main.storyboard in Resources */ = {isa = PBXBuildFile; fileRef = 9AC2B88629928FF400173596 /* Main.storyboard */; };
		9AC2B88A29928FF600173596 /* Assets.xcassets in Resources */ = {isa = PBXBuildFile; fileRef = 9AC2B88929928FF600173596 /* Assets.xcassets */; };
		9AC2B88D29928FF600173596 /* LaunchScreen.storyboard in Resources */ = {isa = PBXBuildFile; fileRef = 9AC2B88B29928FF600173596 /* LaunchScreen.storyboard */; };
		9AC2B90E299D204D00173596 /* SafeAreaLabController.swift in Sources */ = {isa = PBXBuildFile; fileRef = 9AC2B90D299D204D00173596 /* SafeAreaLabController.swift */; };
		9AC2B910299D25F200173596 /* MarginGuideController.swift in Sources */ = {isa = PBXBuildFile; fileRef = 9AC2B90F299D25F200173596 /* MarginGuideController.swift */; };
		9AC2B912299D396200173596 /* ReadableContentController.swift in Sources */ = {isa = PBXBuildFile; fileRef = 9AC2B911299D396200173596 /* ReadableContentController.swift */; };
		9AC2B914299E612900173596 /* ChallengeController.swift in Sources */ = {isa = PBXBuildFile; fileRef = 9AC2B913299E612900173596 /* ChallengeController.swift */; };
		9AC2B918299E6F3600173596 /* Memo-IntrinsicContentSize in Resources */ = {isa = PBXBuildFile; fileRef = 9AC2B917299E6F3600173596 /* Memo-IntrinsicContentSize */; };
		9AC2B91A299E749500173596 /* BasicIntrinsicContentController.swift in Sources */ = {isa = PBXBuildFile; fileRef = 9AC2B919299E749500173596 /* BasicIntrinsicContentController.swift */; };
		9AC2B91C299E763D00173596 /* ContentHuggingAndCompression.swift in Sources */ = {isa = PBXBuildFile; fileRef = 9AC2B91B299E763D00173596 /* ContentHuggingAndCompression.swift */; };
/* End PBXBuildFile section */

/* Begin PBXFileReference section */
		9AC2B87D29928FF400173596 /* AutoLayout.app */ = {isa = PBXFileReference; explicitFileType = wrapper.application; includeInIndex = 0; path = AutoLayout.app; sourceTree = BUILT_PRODUCTS_DIR; };
		9AC2B88029928FF400173596 /* AppDelegate.swift */ = {isa = PBXFileReference; lastKnownFileType = sourcecode.swift; path = AppDelegate.swift; sourceTree = "<group>"; };
		9AC2B88229928FF400173596 /* SceneDelegate.swift */ = {isa = PBXFileReference; lastKnownFileType = sourcecode.swift; path = SceneDelegate.swift; sourceTree = "<group>"; };
		9AC2B88429928FF400173596 /* ViewController.swift */ = {isa = PBXFileReference; lastKnownFileType = sourcecode.swift; path = ViewController.swift; sourceTree = "<group>"; };
		9AC2B88729928FF400173596 /* Base */ = {isa = PBXFileReference; lastKnownFileType = file.storyboard; name = Base; path = Base.lproj/Main.storyboard; sourceTree = "<group>"; };
		9AC2B88929928FF600173596 /* Assets.xcassets */ = {isa = PBXFileReference; lastKnownFileType = folder.assetcatalog; path = Assets.xcassets; sourceTree = "<group>"; };
		9AC2B88C29928FF600173596 /* Base */ = {isa = PBXFileReference; lastKnownFileType = file.storyboard; name = Base; path = Base.lproj/LaunchScreen.storyboard; sourceTree = "<group>"; };
		9AC2B88E29928FF600173596 /* Info.plist */ = {isa = PBXFileReference; lastKnownFileType = text.plist.xml; path = Info.plist; sourceTree = "<group>"; };
		9AC2B90D299D204D00173596 /* SafeAreaLabController.swift */ = {isa = PBXFileReference; lastKnownFileType = sourcecode.swift; path = SafeAreaLabController.swift; sourceTree = "<group>"; };
		9AC2B90F299D25F200173596 /* MarginGuideController.swift */ = {isa = PBXFileReference; lastKnownFileType = sourcecode.swift; path = MarginGuideController.swift; sourceTree = "<group>"; };
		9AC2B911299D396200173596 /* ReadableContentController.swift */ = {isa = PBXFileReference; lastKnownFileType = sourcecode.swift; path = ReadableContentController.swift; sourceTree = "<group>"; };
		9AC2B913299E612900173596 /* ChallengeController.swift */ = {isa = PBXFileReference; lastKnownFileType = sourcecode.swift; path = ChallengeController.swift; sourceTree = "<group>"; };
		9AC2B917299E6F3600173596 /* Memo-IntrinsicContentSize */ = {isa = PBXFileReference; lastKnownFileType = text; path = "Memo-IntrinsicContentSize"; sourceTree = "<group>"; };
		9AC2B919299E749500173596 /* BasicIntrinsicContentController.swift */ = {isa = PBXFileReference; lastKnownFileType = sourcecode.swift; path = BasicIntrinsicContentController.swift; sourceTree = "<group>"; };
		9AC2B91B299E763D00173596 /* ContentHuggingAndCompression.swift */ = {isa = PBXFileReference; lastKnownFileType = sourcecode.swift; path = ContentHuggingAndCompression.swift; sourceTree = "<group>"; };
/* End PBXFileReference section */

/* Begin PBXFrameworksBuildPhase section */
		9AC2B87A29928FF400173596 /* Frameworks */ = {
			isa = PBXFrameworksBuildPhase;
			buildActionMask = 2147483647;
			files = (
			);
			runOnlyForDeploymentPostprocessing = 0;
		};
/* End PBXFrameworksBuildPhase section */

/* Begin PBXGroup section */
		9AC2B87429928FF400173596 = {
			isa = PBXGroup;
			children = (
				9AC2B87F29928FF400173596 /* AutoLayout */,
				9AC2B87E29928FF400173596 /* Products */,
			);
			sourceTree = "<group>";
		};
		9AC2B87E29928FF400173596 /* Products */ = {
			isa = PBXGroup;
			children = (
				9AC2B87D29928FF400173596 /* AutoLayout.app */,
			);
			name = Products;
			sourceTree = "<group>";
		};
		9AC2B87F29928FF400173596 /* AutoLayout */ = {
			isa = PBXGroup;
			children = (
				9AC2B88029928FF400173596 /* AppDelegate.swift */,
				9AC2B88229928FF400173596 /* SceneDelegate.swift */,
				9AC2B917299E6F3600173596 /* Memo-IntrinsicContentSize */,
				9AC2B916299E6EF200173596 /* IntrinsicContentSize */,
				9AC2B915299E6ED900173596 /* Anchors */,
				9AC2B88629928FF400173596 /* Main.storyboard */,
				9AC2B88929928FF600173596 /* Assets.xcassets */,
				9AC2B88B29928FF600173596 /* LaunchScreen.storyboard */,
				9AC2B88E29928FF600173596 /* Info.plist */,
			);
			path = AutoLayout;
			sourceTree = "<group>";
		};
		9AC2B915299E6ED900173596 /* Anchors */ = {
			isa = PBXGroup;
			children = (
				9AC2B88429928FF400173596 /* ViewController.swift */,
				9AC2B90D299D204D00173596 /* SafeAreaLabController.swift */,
				9AC2B90F299D25F200173596 /* MarginGuideController.swift */,
				9AC2B911299D396200173596 /* ReadableContentController.swift */,
				9AC2B913299E612900173596 /* ChallengeController.swift */,
			);
			name = Anchors;
			sourceTree = "<group>";
		};
		9AC2B916299E6EF200173596 /* IntrinsicContentSize */ = {
			isa = PBXGroup;
			children = (
				9AC2B919299E749500173596 /* BasicIntrinsicContentController.swift */,
				9AC2B91B299E763D00173596 /* ContentHuggingAndCompression.swift */,
			);
			name = IntrinsicContentSize;
			sourceTree = "<group>";
		};
/* End PBXGroup section */

/* Begin PBXNativeTarget section */
		9AC2B87C29928FF400173596 /* AutoLayout */ = {
			isa = PBXNativeTarget;
			buildConfigurationList = 9AC2B89129928FF600173596 /* Build configuration list for PBXNativeTarget "AutoLayout" */;
			buildPhases = (
				9AC2B87929928FF400173596 /* Sources */,
				9AC2B87A29928FF400173596 /* Frameworks */,
				9AC2B87B29928FF400173596 /* Resources */,
			);
			buildRules = (
			);
			dependencies = (
			);
			name = AutoLayout;
			productName = AutoLayout;
			productReference = 9AC2B87D29928FF400173596 /* AutoLayout.app */;
			productType = "com.apple.product-type.application";
		};
/* End PBXNativeTarget section */

/* Begin PBXProject section */
		9AC2B87529928FF400173596 /* Project object */ = {
			isa = PBXProject;
			attributes = {
				BuildIndependentTargetsInParallel = 1;
				LastSwiftUpdateCheck = 1420;
				LastUpgradeCheck = 1420;
				TargetAttributes = {
					9AC2B87C29928FF400173596 = {
						CreatedOnToolsVersion = 14.2;
					};
				};
			};
			buildConfigurationList = 9AC2B87829928FF400173596 /* Build configuration list for PBXProject "AutoLayout" */;
			compatibilityVersion = "Xcode 14.0";
			developmentRegion = en;
			hasScannedForEncodings = 0;
			knownRegions = (
				en,
				Base,
			);
			mainGroup = 9AC2B87429928FF400173596;
			productRefGroup = 9AC2B87E29928FF400173596 /* Products */;
			projectDirPath = "";
			projectRoot = "";
			targets = (
				9AC2B87C29928FF400173596 /* AutoLayout */,
			);
		};
/* End PBXProject section */

/* Begin PBXResourcesBuildPhase section */
		9AC2B87B29928FF400173596 /* Resources */ = {
			isa = PBXResourcesBuildPhase;
			buildActionMask = 2147483647;
			files = (
				9AC2B88D29928FF600173596 /* LaunchScreen.storyboard in Resources */,
				9AC2B918299E6F3600173596 /* Memo-IntrinsicContentSize in Resources */,
				9AC2B88A29928FF600173596 /* Assets.xcassets in Resources */,
				9AC2B88829928FF400173596 /* Main.storyboard in Resources */,
			);
			runOnlyForDeploymentPostprocessing = 0;
		};
/* End PBXResourcesBuildPhase section */

/* Begin PBXSourcesBuildPhase section */
		9AC2B87929928FF400173596 /* Sources */ = {
			isa = PBXSourcesBuildPhase;
			buildActionMask = 2147483647;
			files = (
				9AC2B914299E612900173596 /* ChallengeController.swift in Sources */,
				9AC2B88529928FF400173596 /* ViewController.swift in Sources */,
				9AC2B912299D396200173596 /* ReadableContentController.swift in Sources */,
				9AC2B88129928FF400173596 /* AppDelegate.swift in Sources */,
				9AC2B91A299E749500173596 /* BasicIntrinsicContentController.swift in Sources */,
				9AC2B91C299E763D00173596 /* ContentHuggingAndCompression.swift in Sources */,
				9AC2B88329928FF400173596 /* SceneDelegate.swift in Sources */,
				9AC2B910299D25F200173596 /* MarginGuideController.swift in Sources */,
				9AC2B90E299D204D00173596 /* SafeAreaLabController.swift in Sources */,
			);
			runOnlyForDeploymentPostprocessing = 0;
		};
/* End PBXSourcesBuildPhase section */

/* Begin PBXVariantGroup section */
		9AC2B88629928FF400173596 /* Main.storyboard */ = {
			isa = PBXVariantGroup;
			children = (
				9AC2B88729928FF400173596 /* Base */,
			);
			name = Main.storyboard;
			sourceTree = "<group>";
		};
		9AC2B88B29928FF600173596 /* LaunchScreen.storyboard */ = {
			isa = PBXVariantGroup;
			children = (
				9AC2B88C29928FF600173596 /* Base */,
			);
			name = LaunchScreen.storyboard;
			sourceTree = "<group>";
		};
/* End PBXVariantGroup section */

/* Begin XCBuildConfiguration section */
		9AC2B88F29928FF600173596 /* Debug */ = {
			isa = XCBuildConfiguration;
			buildSettings = {
				ALWAYS_SEARCH_USER_PATHS = NO;
				CLANG_ANALYZER_NONNULL = YES;
				CLANG_ANALYZER_NUMBER_OBJECT_CONVERSION = YES_AGGRESSIVE;
				CLANG_CXX_LANGUAGE_STANDARD = "gnu++20";
				CLANG_ENABLE_MODULES = YES;
				CLANG_ENABLE_OBJC_ARC = YES;
				CLANG_ENABLE_OBJC_WEAK = YES;
				CLANG_WARN_BLOCK_CAPTURE_AUTORELEASING = YES;
				CLANG_WARN_BOOL_CONVERSION = YES;
				CLANG_WARN_COMMA = YES;
				CLANG_WARN_CONSTANT_CONVERSION = YES;
				CLANG_WARN_DEPRECATED_OBJC_IMPLEMENTATIONS = YES;
				CLANG_WARN_DIRECT_OBJC_ISA_USAGE = YES_ERROR;
				CLANG_WARN_DOCUMENTATION_COMMENTS = YES;
				CLANG_WARN_EMPTY_BODY = YES;
				CLANG_WARN_ENUM_CONVERSION = YES;
				CLANG_WARN_INFINITE_RECURSION = YES;
				CLANG_WARN_INT_CONVERSION = YES;
				CLANG_WARN_NON_LITERAL_NULL_CONVERSION = YES;
				CLANG_WARN_OBJC_IMPLICIT_RETAIN_SELF = YES;
				CLANG_WARN_OBJC_LITERAL_CONVERSION = YES;
				CLANG_WARN_OBJC_ROOT_CLASS = YES_ERROR;
				CLANG_WARN_QUOTED_INCLUDE_IN_FRAMEWORK_HEADER = YES;
				CLANG_WARN_RANGE_LOOP_ANALYSIS = YES;
				CLANG_WARN_STRICT_PROTOTYPES = YES;
				CLANG_WARN_SUSPICIOUS_MOVE = YES;
				CLANG_WARN_UNGUARDED_AVAILABILITY = YES_AGGRESSIVE;
				CLANG_WARN_UNREACHABLE_CODE = YES;
				CLANG_WARN__DUPLICATE_METHOD_MATCH = YES;
				COPY_PHASE_STRIP = NO;
				DEBUG_INFORMATION_FORMAT = dwarf;
				ENABLE_STRICT_OBJC_MSGSEND = YES;
				ENABLE_TESTABILITY = YES;
				GCC_C_LANGUAGE_STANDARD = gnu11;
				GCC_DYNAMIC_NO_PIC = NO;
				GCC_NO_COMMON_BLOCKS = YES;
				GCC_OPTIMIZATION_LEVEL = 0;
				GCC_PREPROCESSOR_DEFINITIONS = (
					"DEBUG=1",
					"$(inherited)",
				);
				GCC_WARN_64_TO_32_BIT_CONVERSION = YES;
				GCC_WARN_ABOUT_RETURN_TYPE = YES_ERROR;
				GCC_WARN_UNDECLARED_SELECTOR = YES;
				GCC_WARN_UNINITIALIZED_AUTOS = YES_AGGRESSIVE;
				GCC_WARN_UNUSED_FUNCTION = YES;
				GCC_WARN_UNUSED_VARIABLE = YES;
				IPHONEOS_DEPLOYMENT_TARGET = 16.2;
				MTL_ENABLE_DEBUG_INFO = INCLUDE_SOURCE;
				MTL_FAST_MATH = YES;
				ONLY_ACTIVE_ARCH = YES;
				SDKROOT = iphoneos;
				SWIFT_ACTIVE_COMPILATION_CONDITIONS = DEBUG;
				SWIFT_OPTIMIZATION_LEVEL = "-Onone";
			};
			name = Debug;
		};
		9AC2B89029928FF600173596 /* Release */ = {
			isa = XCBuildConfiguration;
			buildSettings = {
				ALWAYS_SEARCH_USER_PATHS = NO;
				CLANG_ANALYZER_NONNULL = YES;
				CLANG_ANALYZER_NUMBER_OBJECT_CONVERSION = YES_AGGRESSIVE;
				CLANG_CXX_LANGUAGE_STANDARD = "gnu++20";
				CLANG_ENABLE_MODULES = YES;
				CLANG_ENABLE_OBJC_ARC = YES;
				CLANG_ENABLE_OBJC_WEAK = YES;
				CLANG_WARN_BLOCK_CAPTURE_AUTORELEASING = YES;
				CLANG_WARN_BOOL_CONVERSION = YES;
				CLANG_WARN_COMMA = YES;
				CLANG_WARN_CONSTANT_CONVERSION = YES;
				CLANG_WARN_DEPRECATED_OBJC_IMPLEMENTATIONS = YES;
				CLANG_WARN_DIRECT_OBJC_ISA_USAGE = YES_ERROR;
				CLANG_WARN_DOCUMENTATION_COMMENTS = YES;
				CLANG_WARN_EMPTY_BODY = YES;
				CLANG_WARN_ENUM_CONVERSION = YES;
				CLANG_WARN_INFINITE_RECURSION = YES;
				CLANG_WARN_INT_CONVERSION = YES;
				CLANG_WARN_NON_LITERAL_NULL_CONVERSION = YES;
				CLANG_WARN_OBJC_IMPLICIT_RETAIN_SELF = YES;
				CLANG_WARN_OBJC_LITERAL_CONVERSION = YES;
				CLANG_WARN_OBJC_ROOT_CLASS = YES_ERROR;
				CLANG_WARN_QUOTED_INCLUDE_IN_FRAMEWORK_HEADER = YES;
				CLANG_WARN_RANGE_LOOP_ANALYSIS = YES;
				CLANG_WARN_STRICT_PROTOTYPES = YES;
				CLANG_WARN_SUSPICIOUS_MOVE = YES;
				CLANG_WARN_UNGUARDED_AVAILABILITY = YES_AGGRESSIVE;
				CLANG_WARN_UNREACHABLE_CODE = YES;
				CLANG_WARN__DUPLICATE_METHOD_MATCH = YES;
				COPY_PHASE_STRIP = NO;
				DEBUG_INFORMATION_FORMAT = "dwarf-with-dsym";
				ENABLE_NS_ASSERTIONS = NO;
				ENABLE_STRICT_OBJC_MSGSEND = YES;
				GCC_C_LANGUAGE_STANDARD = gnu11;
				GCC_NO_COMMON_BLOCKS = YES;
				GCC_WARN_64_TO_32_BIT_CONVERSION = YES;
				GCC_WARN_ABOUT_RETURN_TYPE = YES_ERROR;
				GCC_WARN_UNDECLARED_SELECTOR = YES;
				GCC_WARN_UNINITIALIZED_AUTOS = YES_AGGRESSIVE;
				GCC_WARN_UNUSED_FUNCTION = YES;
				GCC_WARN_UNUSED_VARIABLE = YES;
				IPHONEOS_DEPLOYMENT_TARGET = 16.2;
				MTL_ENABLE_DEBUG_INFO = NO;
				MTL_FAST_MATH = YES;
				SDKROOT = iphoneos;
				SWIFT_COMPILATION_MODE = wholemodule;
				SWIFT_OPTIMIZATION_LEVEL = "-O";
				VALIDATE_PRODUCT = YES;
			};
			name = Release;
		};
		9AC2B89229928FF600173596 /* Debug */ = {
			isa = XCBuildConfiguration;
			buildSettings = {
				ASSETCATALOG_COMPILER_APPICON_NAME = AppIcon;
				ASSETCATALOG_COMPILER_GLOBAL_ACCENT_COLOR_NAME = AccentColor;
				CODE_SIGN_STYLE = Automatic;
				CURRENT_PROJECT_VERSION = 1;
				DEVELOPMENT_TEAM = F23GD77ZRK;
				GENERATE_INFOPLIST_FILE = YES;
				INFOPLIST_FILE = AutoLayout/Info.plist;
				INFOPLIST_KEY_UIApplicationSupportsIndirectInputEvents = YES;
				INFOPLIST_KEY_UILaunchStoryboardName = LaunchScreen;
				INFOPLIST_KEY_UIMainStoryboardFile = Main;
				INFOPLIST_KEY_UISupportedInterfaceOrientations_iPad = "UIInterfaceOrientationPortrait UIInterfaceOrientationPortraitUpsideDown UIInterfaceOrientationLandscapeLeft UIInterfaceOrientationLandscapeRight";
				INFOPLIST_KEY_UISupportedInterfaceOrientations_iPhone = "UIInterfaceOrientationPortrait UIInterfaceOrientationLandscapeLeft UIInterfaceOrientationLandscapeRight";
				IPHONEOS_DEPLOYMENT_TARGET = 15.0;
				LD_RUNPATH_SEARCH_PATHS = (
					"$(inherited)",
					"@executable_path/Frameworks",
				);
				MARKETING_VERSION = 1.0;
				PRODUCT_BUNDLE_IDENTIFIER = "hanmok-main.AutoLayout";
				PRODUCT_NAME = "$(TARGET_NAME)";
				SWIFT_EMIT_LOC_STRINGS = YES;
				SWIFT_VERSION = 5.0;
				TARGETED_DEVICE_FAMILY = "1,2";
			};
			name = Debug;
		};
		9AC2B89329928FF600173596 /* Release */ = {
			isa = XCBuildConfiguration;
			buildSettings = {
				ASSETCATALOG_COMPILER_APPICON_NAME = AppIcon;
				ASSETCATALOG_COMPILER_GLOBAL_ACCENT_COLOR_NAME = AccentColor;
				CODE_SIGN_STYLE = Automatic;
				CURRENT_PROJECT_VERSION = 1;
				DEVELOPMENT_TEAM = F23GD77ZRK;
				GENERATE_INFOPLIST_FILE = YES;
				INFOPLIST_FILE = AutoLayout/Info.plist;
				INFOPLIST_KEY_UIApplicationSupportsIndirectInputEvents = YES;
				INFOPLIST_KEY_UILaunchStoryboardName = LaunchScreen;
				INFOPLIST_KEY_UIMainStoryboardFile = Main;
				INFOPLIST_KEY_UISupportedInterfaceOrientations_iPad = "UIInterfaceOrientationPortrait UIInterfaceOrientationPortraitUpsideDown UIInterfaceOrientationLandscapeLeft UIInterfaceOrientationLandscapeRight";
				INFOPLIST_KEY_UISupportedInterfaceOrientations_iPhone = "UIInterfaceOrientationPortrait UIInterfaceOrientationLandscapeLeft UIInterfaceOrientationLandscapeRight";
				IPHONEOS_DEPLOYMENT_TARGET = 15.0;
				LD_RUNPATH_SEARCH_PATHS = (
					"$(inherited)",
					"@executable_path/Frameworks",
				);
				MARKETING_VERSION = 1.0;
				PRODUCT_BUNDLE_IDENTIFIER = "hanmok-main.AutoLayout";
				PRODUCT_NAME = "$(TARGET_NAME)";
				SWIFT_EMIT_LOC_STRINGS = YES;
				SWIFT_VERSION = 5.0;
				TARGETED_DEVICE_FAMILY = "1,2";
			};
			name = Release;
		};
/* End XCBuildConfiguration section */

/* Begin XCConfigurationList section */
		9AC2B87829928FF400173596 /* Build configuration list for PBXProject "AutoLayout" */ = {
			isa = XCConfigurationList;
			buildConfigurations = (
				9AC2B88F29928FF600173596 /* Debug */,
				9AC2B89029928FF600173596 /* Release */,
			);
			defaultConfigurationIsVisible = 0;
			defaultConfigurationName = Release;
		};
		9AC2B89129928FF600173596 /* Build configuration list for PBXNativeTarget "AutoLayout" */ = {
			isa = XCConfigurationList;
			buildConfigurations = (
				9AC2B89229928FF600173596 /* Debug */,
				9AC2B89329928FF600173596 /* Release */,
			);
			defaultConfigurationIsVisible = 0;
			defaultConfigurationName = Release;
		};
/* End XCConfigurationList section */
	};
	rootObject = 9AC2B87529928FF400173596 /* Project object */;
}
